
Microsoft Visual Studio Solution File, Format Version 12.00
# Visual Studio 2017
Project("{FAE04EC0-301F-11D3-BF4B-00C04F79EFBC}") = "KSArchitect_ArchiAR_ARCore", "KSArchitect_ArchiAR_ARCore.csproj", "{E314A129-B9A4-E89F-69F7-05CE96143606}"
EndProject
Project("{FAE04EC0-301F-11D3-BF4B-00C04F79EFBC}") = "KSArchitect_ArchiAR_ARCore.Editor", "KSArchitect_ArchiAR_ARCore.Editor.csproj", "{9DA3637C-6FC0-A9B0-2E1B-694D243D98CB}"
EndProject
Global
	GlobalSection(SolutionConfigurationPlatforms) = preSolution
		Debug|Any CPU = Debug|Any CPU
		Release|Any CPU = Release|Any CPU
	EndGlobalSection
	GlobalSection(ProjectConfigurationPlatforms) = postSolution
		{E314A129-B9A4-E89F-69F7-05CE96143606}.Debug|Any CPU.ActiveCfg = Debug|Any CPU
		{E314A129-B9A4-E89F-69F7-05CE96143606}.Debug|Any CPU.Build.0 = Debug|Any CPU
		{E314A129-B9A4-E89F-69F7-05CE96143606}.Release|Any CPU.ActiveCfg = Release|Any CPU
		{E314A129-B9A4-E89F-69F7-05CE96143606}.Release|Any CPU.Build.0 = Release|Any CPU
		{9DA3637C-6FC0-A9B0-2E1B-694D243D98CB}.Debug|Any CPU.ActiveCfg = Debug|Any CPU
		{9DA3637C-6FC0-A9B0-2E1B-694D243D98CB}.Debug|Any CPU.Build.0 = Debug|Any CPU
		{9DA3637C-6FC0-A9B0-2E1B-694D243D98CB}.Release|Any CPU.ActiveCfg = Release|Any CPU
		{9DA3637C-6FC0-A9B0-2E1B-694D243D98CB}.Release|Any CPU.Build.0 = Release|Any CPU
	EndGlobalSection
	GlobalSection(SolutionProperties) = preSolution
		HideSolutionNode = FALSE
	EndGlobalSection
EndGlobal
