
Microsoft Visual Studio Solution File, Format Version 12.00
# Visual Studio 2017
Project("{FAE04EC0-301F-11D3-BF4B-00C04F79EFBC}") = "KSArchitect_AR", "KSArchitect_AR.csproj", "{DE15899B-A265-9921-36B3-8B1778E3C5B0}"
EndProject
Project("{FAE04EC0-301F-11D3-BF4B-00C04F79EFBC}") = "KSArchitect_AR.Editor", "KSArchitect_AR.Editor.csproj", "{A44A9759-DD2C-8214-EDB4-BBE3B4F7BDFB}"
EndProject
Global
	GlobalSection(SolutionConfigurationPlatforms) = preSolution
		Debug|Any CPU = Debug|Any CPU
		Release|Any CPU = Release|Any CPU
	EndGlobalSection
	GlobalSection(ProjectConfigurationPlatforms) = postSolution
		{DE15899B-A265-9921-36B3-8B1778E3C5B0}.Debug|Any CPU.ActiveCfg = Debug|Any CPU
		{DE15899B-A265-9921-36B3-8B1778E3C5B0}.Debug|Any CPU.Build.0 = Debug|Any CPU
		{DE15899B-A265-9921-36B3-8B1778E3C5B0}.Release|Any CPU.ActiveCfg = Release|Any CPU
		{DE15899B-A265-9921-36B3-8B1778E3C5B0}.Release|Any CPU.Build.0 = Release|Any CPU
		{A44A9759-DD2C-8214-EDB4-BBE3B4F7BDFB}.Debug|Any CPU.ActiveCfg = Debug|Any CPU
		{A44A9759-DD2C-8214-EDB4-BBE3B4F7BDFB}.Debug|Any CPU.Build.0 = Debug|Any CPU
		{A44A9759-DD2C-8214-EDB4-BBE3B4F7BDFB}.Release|Any CPU.ActiveCfg = Release|Any CPU
		{A44A9759-DD2C-8214-EDB4-BBE3B4F7BDFB}.Release|Any CPU.Build.0 = Release|Any CPU
	EndGlobalSection
	GlobalSection(SolutionProperties) = preSolution
		HideSolutionNode = FALSE
	EndGlobalSection
EndGlobal
