
Microsoft Visual Studio Solution File, Format Version 12.00
# Visual Studio 15
VisualStudioVersion = 15.0.26430.13
MinimumVisualStudioVersion = 10.0.40219.1
Project("{FAE04EC0-301F-11D3-BF4B-00C04F79EFBC}") = "ArchiVR_KSArchitect.Plugins", "ArchiVR_KSArchitect.Plugins.csproj", "{F90C6A4D-0C9A-2C1C-A9F1-50407DAF0F2C}"
EndProject
Project("{FAE04EC0-301F-11D3-BF4B-00C04F79EFBC}") = "ArchiVR_KSArchitect", "ArchiVR_KSArchitect.csproj", "{3C6065C0-A3BD-7ACA-A39B-FC1ECD9FE86C}"
EndProject
Project("{FAE04EC0-301F-11D3-BF4B-00C04F79EFBC}") = "ArchiVR_KSArchitect.Editor", "ArchiVR_KSArchitect.Editor.csproj", "{18806538-189D-C2BD-E00B-0020C68D99B4}"
EndProject
Global
	GlobalSection(SolutionConfigurationPlatforms) = preSolution
		Debug|Any CPU = Debug|Any CPU
		Release|Any CPU = Release|Any CPU
	EndGlobalSection
	GlobalSection(ProjectConfigurationPlatforms) = postSolution
		{F90C6A4D-0C9A-2C1C-A9F1-50407DAF0F2C}.Debug|Any CPU.ActiveCfg = Debug|Any CPU
		{F90C6A4D-0C9A-2C1C-A9F1-50407DAF0F2C}.Debug|Any CPU.Build.0 = Debug|Any CPU
		{F90C6A4D-0C9A-2C1C-A9F1-50407DAF0F2C}.Release|Any CPU.ActiveCfg = Release|Any CPU
		{F90C6A4D-0C9A-2C1C-A9F1-50407DAF0F2C}.Release|Any CPU.Build.0 = Release|Any CPU
		{3C6065C0-A3BD-7ACA-A39B-FC1ECD9FE86C}.Debug|Any CPU.ActiveCfg = Debug|Any CPU
		{3C6065C0-A3BD-7ACA-A39B-FC1ECD9FE86C}.Debug|Any CPU.Build.0 = Debug|Any CPU
		{3C6065C0-A3BD-7ACA-A39B-FC1ECD9FE86C}.Release|Any CPU.ActiveCfg = Release|Any CPU
		{3C6065C0-A3BD-7ACA-A39B-FC1ECD9FE86C}.Release|Any CPU.Build.0 = Release|Any CPU
		{18806538-189D-C2BD-E00B-0020C68D99B4}.Debug|Any CPU.ActiveCfg = Debug|Any CPU
		{18806538-189D-C2BD-E00B-0020C68D99B4}.Debug|Any CPU.Build.0 = Debug|Any CPU
		{18806538-189D-C2BD-E00B-0020C68D99B4}.Release|Any CPU.ActiveCfg = Release|Any CPU
		{18806538-189D-C2BD-E00B-0020C68D99B4}.Release|Any CPU.Build.0 = Release|Any CPU
	EndGlobalSection
	GlobalSection(SolutionProperties) = preSolution
		HideSolutionNode = FALSE
	EndGlobalSection
EndGlobal
